{
  "nodes": {
    "darwin": {
      "inputs": {
        "nixpkgs": [
          "nixpkgs"
        ]
      },
      "locked": {
        "lastModified": 1686210161,
        "narHash": "sha256-cgP8P2Gk4WtOzd/Y7nEmweLpPOtMKVvHCIcq9zm9qMk=",
        "owner": "lnl7",
        "repo": "nix-darwin",
        "rev": "40e4b85baac86969f94d6dba893aeae015c562c1",
        "type": "github"
      },
      "original": {
        "owner": "lnl7",
        "ref": "master",
        "repo": "nix-darwin",
        "type": "github"
      }
    },
    "nixpkgs": {
      "locked": {
        "lastModified": 1686302423,
        "narHash": "sha256-vnzLu7PDpCtUBQzzx1lZT57+eLkebaZWKw3pifu05+Y=",
        "owner": "nixos",
        "repo": "nixpkgs",
        "rev": "05ea815194823accbac9bae95350dd98910b4783",
        "type": "github"
      },
      "original": {
        "owner": "nixos",
        "ref": "release-23.05",
        "repo": "nixpkgs",
        "type": "github"
      }
    },
    "root": {
      "inputs": {
        "darwin": "darwin",
        "nixpkgs": "nixpkgs"
      }
    }
  },
  "root": "root",
  "version": 7
}
